
Microsoft Visual Studio Solution File, Format Version 12.00
# Visual Studio Version 16
VisualStudioVersion = 16.0.29006.145
MinimumVisualStudioVersion = 15.0.26124.0
Project("{2150E333-8FDC-42A3-9474-1A3956D46DE8}") = "src", "src", "{8FFDF555-DB50-45F9-9A2D-6410F39151C3}"
	ProjectSection(SolutionItems) = preProject
		src\Directory.Build.props = src\Directory.Build.props
		src\Directory.Build.targets = src\Directory.Build.targets
	EndProjectSection
EndProject
Project("{2150E333-8FDC-42A3-9474-1A3956D46DE8}") = "test", "test", "{DF33E0FB-9790-4654-B60F-8AB22E0CC3D1}"
	ProjectSection(SolutionItems) = preProject
		test\Directory.Build.props = test\Directory.Build.props
		test\Directory.Build.targets = test\Directory.Build.targets
	EndProjectSection
EndProject
Project("{9A19103F-16F7-4668-BE54-9A1E7A4F7556}") = ".build", ".build\.build.csproj", "{55EFAE2F-A7CA-4917-A381-4A6EF5E79610}"
EndProject
Project("{2150E333-8FDC-42A3-9474-1A3956D46DE8}") = ".build", ".build", "{E3DCB78E-EE06-4EA3-88AC-762D8910387C}"
EndProject
Project("{FAE04EC0-301F-11D3-BF4B-00C04F79EFBC}") = "Rocket.Surgery.Extensions.Configuration", "src\Configuration\Rocket.Surgery.Extensions.Configuration.csproj", "{B04B822B-B2B6-4A14-A8D5-670B716C2253}"
EndProject
Project("{FAE04EC0-301F-11D3-BF4B-00C04F79EFBC}") = "Rocket.Surgery.Extensions.Configuration.Abstractions", "src\Configuration.Abstractions\Rocket.Surgery.Extensions.Configuration.Abstractions.csproj", "{F58BEDAE-F8EE-4094-8E69-EB413224B59B}"
EndProject
Project("{FAE04EC0-301F-11D3-BF4B-00C04F79EFBC}") = "Rocket.Surgery.Extensions.DependencyInjection", "src\DependencyInjection\Rocket.Surgery.Extensions.DependencyInjection.csproj", "{AE5ADEFA-9EB5-47F4-BEBF-FDCC1F130BFB}"
EndProject
Project("{FAE04EC0-301F-11D3-BF4B-00C04F79EFBC}") = "Rocket.Surgery.Extensions.DependencyInjection.Abstractions", "src\DependencyInjection.Abstractions\Rocket.Surgery.Extensions.DependencyInjection.Abstractions.csproj", "{783207DD-4134-4CDA-A769-5BD7F52FEEE3}"
EndProject
Project("{FAE04EC0-301F-11D3-BF4B-00C04F79EFBC}") = "Rocket.Surgery.Extensions.Logging", "src\Logging\Rocket.Surgery.Extensions.Logging.csproj", "{CF36D166-E57A-4C75-99BA-FBF48CE940CE}"
EndProject
Project("{FAE04EC0-301F-11D3-BF4B-00C04F79EFBC}") = "Rocket.Surgery.Extensions.Logging.Abstractions", "src\Logging.Abstractions\Rocket.Surgery.Extensions.Logging.Abstractions.csproj", "{6D8222D0-94AC-4FE3-9973-A27FB0D1EAA7}"
EndProject
Project("{FAE04EC0-301F-11D3-BF4B-00C04F79EFBC}") = "Rocket.Surgery.Extensions.WebJobs", "src\WebJobs\Rocket.Surgery.Extensions.WebJobs.csproj", "{5D07634E-9EB0-494F-A0A2-276402420B91}"
EndProject
Project("{FAE04EC0-301F-11D3-BF4B-00C04F79EFBC}") = "Rocket.Surgery.Extensions.WebJobs.Abstractions", "src\WebJobs.Abstractions\Rocket.Surgery.Extensions.WebJobs.Abstractions.csproj", "{E30FBCAC-D246-48BA-9678-C68EFB96D42E}"
EndProject
Project("{FAE04EC0-301F-11D3-BF4B-00C04F79EFBC}") = "Rocket.Surgery.Extensions.Configuration.Tests", "test\Configuration.Tests\Rocket.Surgery.Extensions.Configuration.Tests.csproj", "{FFC42869-E8C7-418A-928A-4A7CE2485586}"
EndProject
Project("{FAE04EC0-301F-11D3-BF4B-00C04F79EFBC}") = "Rocket.Surgery.Extensions.DependencyInjection.Tests", "test\DependencyInjection.Tests\Rocket.Surgery.Extensions.DependencyInjection.Tests.csproj", "{A3D28794-6266-44C4-980B-C44969A36DA1}"
EndProject
Project("{FAE04EC0-301F-11D3-BF4B-00C04F79EFBC}") = "Rocket.Surgery.Extensions.Logging.Tests", "test\Logging.Tests\Rocket.Surgery.Extensions.Logging.Tests.csproj", "{D06BFE9B-6D2D-4648-8277-94F76C88DE89}"
EndProject
Project("{FAE04EC0-301F-11D3-BF4B-00C04F79EFBC}") = "Rocket.Surgery.Extensions.WebJobs.Tests", "test\WebJobs.Tests\Rocket.Surgery.Extensions.WebJobs.Tests.csproj", "{07EDB022-F93A-4F4E-8B4E-292632820DBE}"
EndProject
Global
	GlobalSection(SolutionConfigurationPlatforms) = preSolution
		Debug|Any CPU = Debug|Any CPU
		Debug|x64 = Debug|x64
		Debug|x86 = Debug|x86
		Release|Any CPU = Release|Any CPU
		Release|x64 = Release|x64
		Release|x86 = Release|x86
	EndGlobalSection
	GlobalSection(ProjectConfigurationPlatforms) = postSolution
		{55EFAE2F-A7CA-4917-A381-4A6EF5E79610}.Debug|Any CPU.ActiveCfg = Debug|Any CPU
		{55EFAE2F-A7CA-4917-A381-4A6EF5E79610}.Debug|x64.ActiveCfg = Debug|Any CPU
		{55EFAE2F-A7CA-4917-A381-4A6EF5E79610}.Debug|x64.Build.0 = Debug|Any CPU
		{55EFAE2F-A7CA-4917-A381-4A6EF5E79610}.Debug|x86.ActiveCfg = Debug|Any CPU
		{55EFAE2F-A7CA-4917-A381-4A6EF5E79610}.Debug|x86.Build.0 = Debug|Any CPU
		{55EFAE2F-A7CA-4917-A381-4A6EF5E79610}.Release|Any CPU.ActiveCfg = Release|Any CPU
		{55EFAE2F-A7CA-4917-A381-4A6EF5E79610}.Release|x64.ActiveCfg = Release|Any CPU
		{55EFAE2F-A7CA-4917-A381-4A6EF5E79610}.Release|x64.Build.0 = Release|Any CPU
		{55EFAE2F-A7CA-4917-A381-4A6EF5E79610}.Release|x86.ActiveCfg = Release|Any CPU
		{55EFAE2F-A7CA-4917-A381-4A6EF5E79610}.Release|x86.Build.0 = Release|Any CPU
		{B04B822B-B2B6-4A14-A8D5-670B716C2253}.Debug|Any CPU.ActiveCfg = Debug|Any CPU
		{B04B822B-B2B6-4A14-A8D5-670B716C2253}.Debug|Any CPU.Build.0 = Debug|Any CPU
		{B04B822B-B2B6-4A14-A8D5-670B716C2253}.Debug|x64.ActiveCfg = Debug|Any CPU
		{B04B822B-B2B6-4A14-A8D5-670B716C2253}.Debug|x64.Build.0 = Debug|Any CPU
		{B04B822B-B2B6-4A14-A8D5-670B716C2253}.Debug|x86.ActiveCfg = Debug|Any CPU
		{B04B822B-B2B6-4A14-A8D5-670B716C2253}.Debug|x86.Build.0 = Debug|Any CPU
		{B04B822B-B2B6-4A14-A8D5-670B716C2253}.Release|Any CPU.ActiveCfg = Release|Any CPU
		{B04B822B-B2B6-4A14-A8D5-670B716C2253}.Release|Any CPU.Build.0 = Release|Any CPU
		{B04B822B-B2B6-4A14-A8D5-670B716C2253}.Release|x64.ActiveCfg = Release|Any CPU
		{B04B822B-B2B6-4A14-A8D5-670B716C2253}.Release|x64.Build.0 = Release|Any CPU
		{B04B822B-B2B6-4A14-A8D5-670B716C2253}.Release|x86.ActiveCfg = Release|Any CPU
		{B04B822B-B2B6-4A14-A8D5-670B716C2253}.Release|x86.Build.0 = Release|Any CPU
		{F58BEDAE-F8EE-4094-8E69-EB413224B59B}.Debug|Any CPU.ActiveCfg = Debug|Any CPU
		{F58BEDAE-F8EE-4094-8E69-EB413224B59B}.Debug|Any CPU.Build.0 = Debug|Any CPU
		{F58BEDAE-F8EE-4094-8E69-EB413224B59B}.Debug|x64.ActiveCfg = Debug|Any CPU
		{F58BEDAE-F8EE-4094-8E69-EB413224B59B}.Debug|x64.Build.0 = Debug|Any CPU
		{F58BEDAE-F8EE-4094-8E69-EB413224B59B}.Debug|x86.ActiveCfg = Debug|Any CPU
		{F58BEDAE-F8EE-4094-8E69-EB413224B59B}.Debug|x86.Build.0 = Debug|Any CPU
		{F58BEDAE-F8EE-4094-8E69-EB413224B59B}.Release|Any CPU.ActiveCfg = Release|Any CPU
		{F58BEDAE-F8EE-4094-8E69-EB413224B59B}.Release|Any CPU.Build.0 = Release|Any CPU
		{F58BEDAE-F8EE-4094-8E69-EB413224B59B}.Release|x64.ActiveCfg = Release|Any CPU
		{F58BEDAE-F8EE-4094-8E69-EB413224B59B}.Release|x64.Build.0 = Release|Any CPU
		{F58BEDAE-F8EE-4094-8E69-EB413224B59B}.Release|x86.ActiveCfg = Release|Any CPU
		{F58BEDAE-F8EE-4094-8E69-EB413224B59B}.Release|x86.Build.0 = Release|Any CPU
		{AE5ADEFA-9EB5-47F4-BEBF-FDCC1F130BFB}.Debug|Any CPU.ActiveCfg = Debug|Any CPU
		{AE5ADEFA-9EB5-47F4-BEBF-FDCC1F130BFB}.Debug|Any CPU.Build.0 = Debug|Any CPU
		{AE5ADEFA-9EB5-47F4-BEBF-FDCC1F130BFB}.Debug|x64.ActiveCfg = Debug|Any CPU
		{AE5ADEFA-9EB5-47F4-BEBF-FDCC1F130BFB}.Debug|x64.Build.0 = Debug|Any CPU
		{AE5ADEFA-9EB5-47F4-BEBF-FDCC1F130BFB}.Debug|x86.ActiveCfg = Debug|Any CPU
		{AE5ADEFA-9EB5-47F4-BEBF-FDCC1F130BFB}.Debug|x86.Build.0 = Debug|Any CPU
		{AE5ADEFA-9EB5-47F4-BEBF-FDCC1F130BFB}.Release|Any CPU.ActiveCfg = Release|Any CPU
		{AE5ADEFA-9EB5-47F4-BEBF-FDCC1F130BFB}.Release|Any CPU.Build.0 = Release|Any CPU
		{AE5ADEFA-9EB5-47F4-BEBF-FDCC1F130BFB}.Release|x64.ActiveCfg = Release|Any CPU
		{AE5ADEFA-9EB5-47F4-BEBF-FDCC1F130BFB}.Release|x64.Build.0 = Release|Any CPU
		{AE5ADEFA-9EB5-47F4-BEBF-FDCC1F130BFB}.Release|x86.ActiveCfg = Release|Any CPU
		{AE5ADEFA-9EB5-47F4-BEBF-FDCC1F130BFB}.Release|x86.Build.0 = Release|Any CPU
		{783207DD-4134-4CDA-A769-5BD7F52FEEE3}.Debug|Any CPU.ActiveCfg = Debug|Any CPU
		{783207DD-4134-4CDA-A769-5BD7F52FEEE3}.Debug|Any CPU.Build.0 = Debug|Any CPU
		{783207DD-4134-4CDA-A769-5BD7F52FEEE3}.Debug|x64.ActiveCfg = Debug|Any CPU
		{783207DD-4134-4CDA-A769-5BD7F52FEEE3}.Debug|x64.Build.0 = Debug|Any CPU
		{783207DD-4134-4CDA-A769-5BD7F52FEEE3}.Debug|x86.ActiveCfg = Debug|Any CPU
		{783207DD-4134-4CDA-A769-5BD7F52FEEE3}.Debug|x86.Build.0 = Debug|Any CPU
		{783207DD-4134-4CDA-A769-5BD7F52FEEE3}.Release|Any CPU.ActiveCfg = Release|Any CPU
		{783207DD-4134-4CDA-A769-5BD7F52FEEE3}.Release|Any CPU.Build.0 = Release|Any CPU
		{783207DD-4134-4CDA-A769-5BD7F52FEEE3}.Release|x64.ActiveCfg = Release|Any CPU
		{783207DD-4134-4CDA-A769-5BD7F52FEEE3}.Release|x64.Build.0 = Release|Any CPU
		{783207DD-4134-4CDA-A769-5BD7F52FEEE3}.Release|x86.ActiveCfg = Release|Any CPU
		{783207DD-4134-4CDA-A769-5BD7F52FEEE3}.Release|x86.Build.0 = Release|Any CPU
		{CF36D166-E57A-4C75-99BA-FBF48CE940CE}.Debug|Any CPU.ActiveCfg = Debug|Any CPU
		{CF36D166-E57A-4C75-99BA-FBF48CE940CE}.Debug|Any CPU.Build.0 = Debug|Any CPU
		{CF36D166-E57A-4C75-99BA-FBF48CE940CE}.Debug|x64.ActiveCfg = Debug|Any CPU
		{CF36D166-E57A-4C75-99BA-FBF48CE940CE}.Debug|x64.Build.0 = Debug|Any CPU
		{CF36D166-E57A-4C75-99BA-FBF48CE940CE}.Debug|x86.ActiveCfg = Debug|Any CPU
		{CF36D166-E57A-4C75-99BA-FBF48CE940CE}.Debug|x86.Build.0 = Debug|Any CPU
		{CF36D166-E57A-4C75-99BA-FBF48CE940CE}.Release|Any CPU.ActiveCfg = Release|Any CPU
		{CF36D166-E57A-4C75-99BA-FBF48CE940CE}.Release|Any CPU.Build.0 = Release|Any CPU
		{CF36D166-E57A-4C75-99BA-FBF48CE940CE}.Release|x64.ActiveCfg = Release|Any CPU
		{CF36D166-E57A-4C75-99BA-FBF48CE940CE}.Release|x64.Build.0 = Release|Any CPU
		{CF36D166-E57A-4C75-99BA-FBF48CE940CE}.Release|x86.ActiveCfg = Release|Any CPU
		{CF36D166-E57A-4C75-99BA-FBF48CE940CE}.Release|x86.Build.0 = Release|Any CPU
		{6D8222D0-94AC-4FE3-9973-A27FB0D1EAA7}.Debug|Any CPU.ActiveCfg = Debug|Any CPU
		{6D8222D0-94AC-4FE3-9973-A27FB0D1EAA7}.Debug|Any CPU.Build.0 = Debug|Any CPU
		{6D8222D0-94AC-4FE3-9973-A27FB0D1EAA7}.Debug|x64.ActiveCfg = Debug|Any CPU
		{6D8222D0-94AC-4FE3-9973-A27FB0D1EAA7}.Debug|x64.Build.0 = Debug|Any CPU
		{6D8222D0-94AC-4FE3-9973-A27FB0D1EAA7}.Debug|x86.ActiveCfg = Debug|Any CPU
		{6D8222D0-94AC-4FE3-9973-A27FB0D1EAA7}.Debug|x86.Build.0 = Debug|Any CPU
		{6D8222D0-94AC-4FE3-9973-A27FB0D1EAA7}.Release|Any CPU.ActiveCfg = Release|Any CPU
		{6D8222D0-94AC-4FE3-9973-A27FB0D1EAA7}.Release|Any CPU.Build.0 = Release|Any CPU
		{6D8222D0-94AC-4FE3-9973-A27FB0D1EAA7}.Release|x64.ActiveCfg = Release|Any CPU
		{6D8222D0-94AC-4FE3-9973-A27FB0D1EAA7}.Release|x64.Build.0 = Release|Any CPU
		{6D8222D0-94AC-4FE3-9973-A27FB0D1EAA7}.Release|x86.ActiveCfg = Release|Any CPU
		{6D8222D0-94AC-4FE3-9973-A27FB0D1EAA7}.Release|x86.Build.0 = Release|Any CPU
		{5D07634E-9EB0-494F-A0A2-276402420B91}.Debug|Any CPU.ActiveCfg = Debug|Any CPU
		{5D07634E-9EB0-494F-A0A2-276402420B91}.Debug|Any CPU.Build.0 = Debug|Any CPU
		{5D07634E-9EB0-494F-A0A2-276402420B91}.Debug|x64.ActiveCfg = Debug|Any CPU
		{5D07634E-9EB0-494F-A0A2-276402420B91}.Debug|x64.Build.0 = Debug|Any CPU
		{5D07634E-9EB0-494F-A0A2-276402420B91}.Debug|x86.ActiveCfg = Debug|Any CPU
		{5D07634E-9EB0-494F-A0A2-276402420B91}.Debug|x86.Build.0 = Debug|Any CPU
		{5D07634E-9EB0-494F-A0A2-276402420B91}.Release|Any CPU.ActiveCfg = Release|Any CPU
		{5D07634E-9EB0-494F-A0A2-276402420B91}.Release|Any CPU.Build.0 = Release|Any CPU
		{5D07634E-9EB0-494F-A0A2-276402420B91}.Release|x64.ActiveCfg = Release|Any CPU
		{5D07634E-9EB0-494F-A0A2-276402420B91}.Release|x64.Build.0 = Release|Any CPU
		{5D07634E-9EB0-494F-A0A2-276402420B91}.Release|x86.ActiveCfg = Release|Any CPU
		{5D07634E-9EB0-494F-A0A2-276402420B91}.Release|x86.Build.0 = Release|Any CPU
		{E30FBCAC-D246-48BA-9678-C68EFB96D42E}.Debug|Any CPU.ActiveCfg = Debug|Any CPU
		{E30FBCAC-D246-48BA-9678-C68EFB96D42E}.Debug|Any CPU.Build.0 = Debug|Any CPU
		{E30FBCAC-D246-48BA-9678-C68EFB96D42E}.Debug|x64.ActiveCfg = Debug|Any CPU
		{E30FBCAC-D246-48BA-9678-C68EFB96D42E}.Debug|x64.Build.0 = Debug|Any CPU
		{E30FBCAC-D246-48BA-9678-C68EFB96D42E}.Debug|x86.ActiveCfg = Debug|Any CPU
		{E30FBCAC-D246-48BA-9678-C68EFB96D42E}.Debug|x86.Build.0 = Debug|Any CPU
		{E30FBCAC-D246-48BA-9678-C68EFB96D42E}.Release|Any CPU.ActiveCfg = Release|Any CPU
		{E30FBCAC-D246-48BA-9678-C68EFB96D42E}.Release|Any CPU.Build.0 = Release|Any CPU
		{E30FBCAC-D246-48BA-9678-C68EFB96D42E}.Release|x64.ActiveCfg = Release|Any CPU
		{E30FBCAC-D246-48BA-9678-C68EFB96D42E}.Release|x64.Build.0 = Release|Any CPU
		{E30FBCAC-D246-48BA-9678-C68EFB96D42E}.Release|x86.ActiveCfg = Release|Any CPU
		{E30FBCAC-D246-48BA-9678-C68EFB96D42E}.Release|x86.Build.0 = Release|Any CPU
		{FFC42869-E8C7-418A-928A-4A7CE2485586}.Debug|Any CPU.ActiveCfg = Debug|Any CPU
		{FFC42869-E8C7-418A-928A-4A7CE2485586}.Debug|Any CPU.Build.0 = Debug|Any CPU
		{FFC42869-E8C7-418A-928A-4A7CE2485586}.Debug|x64.ActiveCfg = Debug|Any CPU
		{FFC42869-E8C7-418A-928A-4A7CE2485586}.Debug|x64.Build.0 = Debug|Any CPU
		{FFC42869-E8C7-418A-928A-4A7CE2485586}.Debug|x86.ActiveCfg = Debug|Any CPU
		{FFC42869-E8C7-418A-928A-4A7CE2485586}.Debug|x86.Build.0 = Debug|Any CPU
		{FFC42869-E8C7-418A-928A-4A7CE2485586}.Release|Any CPU.ActiveCfg = Release|Any CPU
		{FFC42869-E8C7-418A-928A-4A7CE2485586}.Release|Any CPU.Build.0 = Release|Any CPU
		{FFC42869-E8C7-418A-928A-4A7CE2485586}.Release|x64.ActiveCfg = Release|Any CPU
		{FFC42869-E8C7-418A-928A-4A7CE2485586}.Release|x64.Build.0 = Release|Any CPU
		{FFC42869-E8C7-418A-928A-4A7CE2485586}.Release|x86.ActiveCfg = Release|Any CPU
		{FFC42869-E8C7-418A-928A-4A7CE2485586}.Release|x86.Build.0 = Release|Any CPU
		{A3D28794-6266-44C4-980B-C44969A36DA1}.Debug|Any CPU.ActiveCfg = Debug|Any CPU
		{A3D28794-6266-44C4-980B-C44969A36DA1}.Debug|Any CPU.Build.0 = Debug|Any CPU
		{A3D28794-6266-44C4-980B-C44969A36DA1}.Debug|x64.ActiveCfg = Debug|Any CPU
		{A3D28794-6266-44C4-980B-C44969A36DA1}.Debug|x64.Build.0 = Debug|Any CPU
		{A3D28794-6266-44C4-980B-C44969A36DA1}.Debug|x86.ActiveCfg = Debug|Any CPU
		{A3D28794-6266-44C4-980B-C44969A36DA1}.Debug|x86.Build.0 = Debug|Any CPU
		{A3D28794-6266-44C4-980B-C44969A36DA1}.Release|Any CPU.ActiveCfg = Release|Any CPU
		{A3D28794-6266-44C4-980B-C44969A36DA1}.Release|Any CPU.Build.0 = Release|Any CPU
		{A3D28794-6266-44C4-980B-C44969A36DA1}.Release|x64.ActiveCfg = Release|Any CPU
		{A3D28794-6266-44C4-980B-C44969A36DA1}.Release|x64.Build.0 = Release|Any CPU
		{A3D28794-6266-44C4-980B-C44969A36DA1}.Release|x86.ActiveCfg = Release|Any CPU
		{A3D28794-6266-44C4-980B-C44969A36DA1}.Release|x86.Build.0 = Release|Any CPU
		{D06BFE9B-6D2D-4648-8277-94F76C88DE89}.Debug|Any CPU.ActiveCfg = Debug|Any CPU
		{D06BFE9B-6D2D-4648-8277-94F76C88DE89}.Debug|Any CPU.Build.0 = Debug|Any CPU
		{D06BFE9B-6D2D-4648-8277-94F76C88DE89}.Debug|x64.ActiveCfg = Debug|Any CPU
		{D06BFE9B-6D2D-4648-8277-94F76C88DE89}.Debug|x64.Build.0 = Debug|Any CPU
		{D06BFE9B-6D2D-4648-8277-94F76C88DE89}.Debug|x86.ActiveCfg = Debug|Any CPU
		{D06BFE9B-6D2D-4648-8277-94F76C88DE89}.Debug|x86.Build.0 = Debug|Any CPU
		{D06BFE9B-6D2D-4648-8277-94F76C88DE89}.Release|Any CPU.ActiveCfg = Release|Any CPU
		{D06BFE9B-6D2D-4648-8277-94F76C88DE89}.Release|Any CPU.Build.0 = Release|Any CPU
		{D06BFE9B-6D2D-4648-8277-94F76C88DE89}.Release|x64.ActiveCfg = Release|Any CPU
		{D06BFE9B-6D2D-4648-8277-94F76C88DE89}.Release|x64.Build.0 = Release|Any CPU
		{D06BFE9B-6D2D-4648-8277-94F76C88DE89}.Release|x86.ActiveCfg = Release|Any CPU
		{D06BFE9B-6D2D-4648-8277-94F76C88DE89}.Release|x86.Build.0 = Release|Any CPU
		{07EDB022-F93A-4F4E-8B4E-292632820DBE}.Debug|Any CPU.ActiveCfg = Debug|Any CPU
		{07EDB022-F93A-4F4E-8B4E-292632820DBE}.Debug|Any CPU.Build.0 = Debug|Any CPU
		{07EDB022-F93A-4F4E-8B4E-292632820DBE}.Debug|x64.ActiveCfg = Debug|Any CPU
		{07EDB022-F93A-4F4E-8B4E-292632820DBE}.Debug|x64.Build.0 = Debug|Any CPU
		{07EDB022-F93A-4F4E-8B4E-292632820DBE}.Debug|x86.ActiveCfg = Debug|Any CPU
		{07EDB022-F93A-4F4E-8B4E-292632820DBE}.Debug|x86.Build.0 = Debug|Any CPU
		{07EDB022-F93A-4F4E-8B4E-292632820DBE}.Release|Any CPU.ActiveCfg = Release|Any CPU
		{07EDB022-F93A-4F4E-8B4E-292632820DBE}.Release|Any CPU.Build.0 = Release|Any CPU
		{07EDB022-F93A-4F4E-8B4E-292632820DBE}.Release|x64.ActiveCfg = Release|Any CPU
		{07EDB022-F93A-4F4E-8B4E-292632820DBE}.Release|x64.Build.0 = Release|Any CPU
		{07EDB022-F93A-4F4E-8B4E-292632820DBE}.Release|x86.ActiveCfg = Release|Any CPU
		{07EDB022-F93A-4F4E-8B4E-292632820DBE}.Release|x86.Build.0 = Release|Any CPU
	EndGlobalSection
	GlobalSection(SolutionProperties) = preSolution
		HideSolutionNode = FALSE
	EndGlobalSection
	GlobalSection(NestedProjects) = preSolution
		{55EFAE2F-A7CA-4917-A381-4A6EF5E79610} = {E3DCB78E-EE06-4EA3-88AC-762D8910387C}
		{B04B822B-B2B6-4A14-A8D5-670B716C2253} = {8FFDF555-DB50-45F9-9A2D-6410F39151C3}
		{F58BEDAE-F8EE-4094-8E69-EB413224B59B} = {8FFDF555-DB50-45F9-9A2D-6410F39151C3}
		{AE5ADEFA-9EB5-47F4-BEBF-FDCC1F130BFB} = {8FFDF555-DB50-45F9-9A2D-6410F39151C3}
		{783207DD-4134-4CDA-A769-5BD7F52FEEE3} = {8FFDF555-DB50-45F9-9A2D-6410F39151C3}
		{CF36D166-E57A-4C75-99BA-FBF48CE940CE} = {8FFDF555-DB50-45F9-9A2D-6410F39151C3}
		{6D8222D0-94AC-4FE3-9973-A27FB0D1EAA7} = {8FFDF555-DB50-45F9-9A2D-6410F39151C3}
		{5D07634E-9EB0-494F-A0A2-276402420B91} = {8FFDF555-DB50-45F9-9A2D-6410F39151C3}
		{E30FBCAC-D246-48BA-9678-C68EFB96D42E} = {8FFDF555-DB50-45F9-9A2D-6410F39151C3}
		{FFC42869-E8C7-418A-928A-4A7CE2485586} = {DF33E0FB-9790-4654-B60F-8AB22E0CC3D1}
		{A3D28794-6266-44C4-980B-C44969A36DA1} = {DF33E0FB-9790-4654-B60F-8AB22E0CC3D1}
		{D06BFE9B-6D2D-4648-8277-94F76C88DE89} = {DF33E0FB-9790-4654-B60F-8AB22E0CC3D1}
		{07EDB022-F93A-4F4E-8B4E-292632820DBE} = {DF33E0FB-9790-4654-B60F-8AB22E0CC3D1}
	EndGlobalSection
	GlobalSection(ExtensibilityGlobals) = postSolution
		SolutionGuid = {439897C2-CCBD-44FE-B2DC-A3E4670ADA59}
	EndGlobalSection
EndGlobal
